
Microsoft Visual Studio Solution File, Format Version 12.00
# Visual Studio 15
Project("{FAE04EC0-301F-11D3-BF4B-00C04F79EFBC}") = "dn_net", "dn_net.csproj", "{CACC963C-6316-B1B5-6CC5-6BF218B3604C}"
EndProject
Global
	GlobalSection(SolutionConfigurationPlatforms) = preSolution
		Debug|Any CPU = Debug|Any CPU
		Release|Any CPU = Release|Any CPU
	EndGlobalSection
	GlobalSection(ProjectConfigurationPlatforms) = postSolution
		{CACC963C-6316-B1B5-6CC5-6BF218B3604C}.Debug|Any CPU.ActiveCfg = Debug|Any CPU
		{CACC963C-6316-B1B5-6CC5-6BF218B3604C}.Debug|Any CPU.Build.0 = Debug|Any CPU
		{CACC963C-6316-B1B5-6CC5-6BF218B3604C}.Release|Any CPU.ActiveCfg = Release|Any CPU
		{CACC963C-6316-B1B5-6CC5-6BF218B3604C}.Release|Any CPU.Build.0 = Release|Any CPU
	EndGlobalSection
	GlobalSection(SolutionProperties) = preSolution
		HideSolutionNode = FALSE
	EndGlobalSection
EndGlobal
