
Microsoft Visual Studio Solution File, Format Version 12.00
# Visual Studio 2015
Project("{FAE04EC0-301F-11D3-BF4B-00C04F79EFBC}") = "UnityEnv", "UnityEnv.csproj", "{9DC93EB1-813A-15D7-C840-08C83A31933C}"
EndProject
Project("{FAE04EC0-301F-11D3-BF4B-00C04F79EFBC}") = "UnityEnv.Editor", "UnityEnv.Editor.csproj", "{0EF33D34-8BAC-14A0-182B-23422458CCF1}"
EndProject
Global
	GlobalSection(SolutionConfigurationPlatforms) = preSolution
		Debug|Any CPU = Debug|Any CPU
		Release|Any CPU = Release|Any CPU
	EndGlobalSection
	GlobalSection(ProjectConfigurationPlatforms) = postSolution
		{9DC93EB1-813A-15D7-C840-08C83A31933C}.Debug|Any CPU.ActiveCfg = Debug|Any CPU
		{9DC93EB1-813A-15D7-C840-08C83A31933C}.Debug|Any CPU.Build.0 = Debug|Any CPU
		{9DC93EB1-813A-15D7-C840-08C83A31933C}.Release|Any CPU.ActiveCfg = Release|Any CPU
		{9DC93EB1-813A-15D7-C840-08C83A31933C}.Release|Any CPU.Build.0 = Release|Any CPU
		{0EF33D34-8BAC-14A0-182B-23422458CCF1}.Debug|Any CPU.ActiveCfg = Debug|Any CPU
		{0EF33D34-8BAC-14A0-182B-23422458CCF1}.Debug|Any CPU.Build.0 = Debug|Any CPU
		{0EF33D34-8BAC-14A0-182B-23422458CCF1}.Release|Any CPU.ActiveCfg = Release|Any CPU
		{0EF33D34-8BAC-14A0-182B-23422458CCF1}.Release|Any CPU.Build.0 = Release|Any CPU
	EndGlobalSection
	GlobalSection(SolutionProperties) = preSolution
		HideSolutionNode = FALSE
	EndGlobalSection
EndGlobal
